{
  "object": {
    "pins": [
      {
        "package": "SoftwareEtudes",
        "repositoryURL": "git@github.com:tuparev/SoftwareEtudes.git",
        "state": {
          "branch": "dev",
          "revision": "f944c9e771ff76b2a624350b8a7b23993ea76e59",
          "version": null
        }
      },
      {
        "package": "swift-nio",
        "repositoryURL": "https://github.com/apple/swift-nio.git",
        "state": {
          "branch": null,
          "revision": "51c3fc2e4a0fcdf4a25089b288dd65b73df1b0ef",
          "version": "2.37.0"
        }
      }
    ]
  },
  "version": 1
}
